<?xml version="1.0" encoding="utf-8"?>
<Project ToolsVersion="4.0" xmlns="http://schemas.microsoft.com/developer/msbuild/2003">
  <ItemGroup>
    <Filter Include="Framework">
      <UniqueIdentifier>{b89d4641-48aa-41a3-a0d9-b62a52e06d5c}</UniqueIdentifier>
    </Filter>
    <Filter Include="Framework\GraphicsManager">
      <UniqueIdentifier>{6d0eab1f-8eb7-40e7-99d2-fc954f09b01d}</UniqueIdentifier>
    </Filter>
    <Filter Include="Framework\InputManager">
      <UniqueIdentifier>{7d6761f6-97c4-4a8d-9cca-a8f1ece5053f}</UniqueIdentifier>
    </Filter>
    <Filter Include="Framework\SoundManager">
      <UniqueIdentifier>{a667b32a-7966-4fe8-8dde-f9a1bcd45984}</UniqueIdentifier>
    </Filter>
    <Filter Include="Framework\AnimationManager">
      <UniqueIdentifier>{95156b3e-76b8-48f1-8711-0eb658486b9d}</UniqueIdentifier>
    </Filter>
    <Filter Include="Framework\ObjectManager">
      <UniqueIdentifier>{73428981-1151-42d3-bd8d-cc9c9ef78d17}</UniqueIdentifier>
    </Filter>
    <Filter Include="Framework\TimeManager">
      <UniqueIdentifier>{a34f6852-0bf6-4f58-ac94-b40034547775}</UniqueIdentifier>
    </Filter>
    <Filter Include="Game">
      <UniqueIdentifier>{4c245673-9baf-4996-b2c7-a731b66f4e5f}</UniqueIdentifier>
    </Filter>
    <Filter Include="Game\Player">
      <UniqueIdentifier>{ef20c699-f78e-4e19-898c-8cf503fca281}</UniqueIdentifier>
    </Filter>
    <Filter Include="Game\Item">
      <UniqueIdentifier>{940d737b-d510-452d-aefd-7dcdda766c52}</UniqueIdentifier>
    </Filter>
    <Filter Include="Game\Enemy">
      <UniqueIdentifier>{41edaf93-7f69-4d79-ace8-179c4bf8633e}</UniqueIdentifier>
    </Filter>
    <Filter Include="Game\Item\Apple">
      <UniqueIdentifier>{63e3a546-acab-4847-9e21-028eae294d37}</UniqueIdentifier>
    </Filter>
    <Filter Include="Framework\CameraManager">
      <UniqueIdentifier>{42646894-6800-44c9-95ad-a7a0ca9855cb}</UniqueIdentifier>
    </Filter>
    <Filter Include="Game\MapManager">
      <UniqueIdentifier>{acb76a41-956b-4120-af63-dffce2a37045}</UniqueIdentifier>
    </Filter>
    <Filter Include="Game\MapManager\Background">
      <UniqueIdentifier>{a9e866e5-e4ae-4e0f-a3de-fb19fb87d3ae}</UniqueIdentifier>
    </Filter>
    <Filter Include="Game\MapManager\Map">
      <UniqueIdentifier>{b35900d4-e7fd-40d8-bf16-35d4350d811a}</UniqueIdentifier>
    </Filter>
    <Filter Include="Framework\SenceManager">
      <UniqueIdentifier>{584cd2b7-ca17-44d5-b61c-163189c85327}</UniqueIdentifier>
    </Filter>
    <Filter Include="Game\PlaySence">
      <UniqueIdentifier>{9cbc13f9-2f33-4ef4-9aa5-6b851f436bbe}</UniqueIdentifier>
    </Filter>
    <Filter Include="Framework\Viewport">
      <UniqueIdentifier>{da20843f-133c-4dba-a237-56f72346ba9e}</UniqueIdentifier>
    </Filter>
    <Filter Include="Framework\Rect">
      <UniqueIdentifier>{1c0f05fe-9ba3-46b3-965f-5e094135f806}</UniqueIdentifier>
    </Filter>
    <Filter Include="Framework\Collision">
      <UniqueIdentifier>{5bfb3caa-46ca-49cd-bd55-6f9233da0ee0}</UniqueIdentifier>
    </Filter>
    <Filter Include="Game\StaticObject">
      <UniqueIdentifier>{7f6e342a-7eab-48bf-ae04-27bdb9a0987a}</UniqueIdentifier>
    </Filter>
    <Filter Include="Game\Item\Ground">
      <UniqueIdentifier>{c0e2e33a-7a31-432c-b4ae-1623e02331dc}</UniqueIdentifier>
    </Filter>
  </ItemGroup>
  <ItemGroup>
    <ClCompile Include="GraphicsGame.cpp">
      <Filter>Framework\GraphicsManager</Filter>
    </ClCompile>
    <ClCompile Include="SpriteGame.cpp">
      <Filter>Framework\GraphicsManager</Filter>
    </ClCompile>
    <ClCompile Include="InputGame.cpp">
      <Filter>Framework\InputManager</Filter>
    </ClCompile>
    <ClCompile Include="Animation.cpp">
      <Filter>Framework\AnimationManager</Filter>
    </ClCompile>
    <ClCompile Include="TimeGame.cpp">
      <Filter>Framework\TimeManager</Filter>
    </ClCompile>
    <ClCompile Include="AladdinCharacter.cpp">
      <Filter>Game\Player</Filter>
    </ClCompile>
    <ClCompile Include="Game.cpp">
      <Filter>Game</Filter>
    </ClCompile>
    <ClCompile Include="main.cpp" />
    <ClCompile Include="Apple.cpp">
      <Filter>Game\Item\Apple</Filter>
    </ClCompile>
    <ClCompile Include="Camera.cpp">
      <Filter>Framework\CameraManager</Filter>
    </ClCompile>
    <ClCompile Include="Background.cpp">
      <Filter>Game\MapManager\Background</Filter>
    </ClCompile>
    <ClCompile Include="Viewport.cpp">
      <Filter>Framework\Viewport</Filter>
    </ClCompile>
    <ClCompile Include="Map.cpp">
      <Filter>Game\MapManager\Map</Filter>
    </ClCompile>
    <ClCompile Include="SenceManager.cpp">
      <Filter>Framework\SenceManager</Filter>
    </ClCompile>
    <ClCompile Include="PlaySence.cpp">
      <Filter>Game\PlaySence</Filter>
    </ClCompile>
    <ClCompile Include="GameObject.cpp">
      <Filter>Framework\ObjectManager</Filter>
    </ClCompile>
    <ClCompile Include="Rect.cpp">
      <Filter>Framework\Rect</Filter>
    </ClCompile>
    <ClCompile Include="Collision.cpp">
      <Filter>Framework\Collision</Filter>
    </ClCompile>
    <ClCompile Include="StaticObject.cpp">
      <Filter>Game\StaticObject</Filter>
    </ClCompile>
    <ClCompile Include="Ground.cpp">
      <Filter>Game\Item\Ground</Filter>
    </ClCompile>
  </ItemGroup>
  <ItemGroup>
    <ClInclude Include="GraphicsGame.h">
      <Filter>Framework\GraphicsManager</Filter>
    </ClInclude>
    <ClInclude Include="SpriteGame.h">
      <Filter>Framework\GraphicsManager</Filter>
    </ClInclude>
    <ClInclude Include="InputGame.h">
      <Filter>Framework\InputManager</Filter>
    </ClInclude>
    <ClInclude Include="Animation.h">
      <Filter>Framework\AnimationManager</Filter>
    </ClInclude>
    <ClInclude Include="TimeGame.h">
      <Filter>Framework\TimeManager</Filter>
    </ClInclude>
    <ClInclude Include="AladdinCharacter.h">
      <Filter>Game\Player</Filter>
    </ClInclude>
    <ClInclude Include="Game.h">
      <Filter>Game</Filter>
    </ClInclude>
    <ClInclude Include="Global.h">
      <Filter>Framework</Filter>
    </ClInclude>
    <ClInclude Include="Apple.h">
      <Filter>Game\Item\Apple</Filter>
    </ClInclude>
    <ClInclude Include="Camera.h">
      <Filter>Framework\CameraManager</Filter>
    </ClInclude>
    <ClInclude Include="Background.h">
      <Filter>Game\MapManager\Background</Filter>
    </ClInclude>
    <ClInclude Include="Viewport.h">
      <Filter>Framework\Viewport</Filter>
    </ClInclude>
    <ClInclude Include="Map.h">
      <Filter>Game\MapManager\Map</Filter>
    </ClInclude>
    <ClInclude Include="Sence.h">
      <Filter>Framework\SenceManager</Filter>
    </ClInclude>
    <ClInclude Include="SenceManager.h">
      <Filter>Framework\SenceManager</Filter>
    </ClInclude>
    <ClInclude Include="PlaySence.h">
      <Filter>Game\PlaySence</Filter>
    </ClInclude>
    <ClInclude Include="GameObject.h">
      <Filter>Framework\ObjectManager</Filter>
    </ClInclude>
    <ClInclude Include="Rect.h">
      <Filter>Framework\Rect</Filter>
    </ClInclude>
    <ClInclude Include="Collision.h">
      <Filter>Framework\Collision</Filter>
    </ClInclude>
    <ClInclude Include="StaticObject.h">
      <Filter>Game\StaticObject</Filter>
    </ClInclude>
    <ClInclude Include="Ground.h">
      <Filter>Game\Item\Ground</Filter>
    </ClInclude>
  </ItemGroup>
  <ItemGroup>
    <None Include="ClassDiagram.cd" />
  </ItemGroup>
</Project>